// !$*UTF8*$!
{
	archiveVersion = 1;
	classes = {
	};
	objectVersion = 50;
	objects = {

/* Begin PBXBuildFile section */
		F014414A22B6C06B003B0B3C /* AppDelegate.swift in Sources */ = {isa = PBXBuildFile; fileRef = F014414922B6C06B003B0B3C /* AppDelegate.swift */; };
		F014414C22B6C06B003B0B3C /* SceneDelegate.swift in Sources */ = {isa = PBXBuildFile; fileRef = F014414B22B6C06B003B0B3C /* SceneDelegate.swift */; };
		F014414E22B6C06B003B0B3C /* ContentView.swift in Sources */ = {isa = PBXBuildFile; fileRef = F014414D22B6C06B003B0B3C /* ContentView.swift */; };
		F014415022B6C06C003B0B3C /* Assets.xcassets in Resources */ = {isa = PBXBuildFile; fileRef = F014414F22B6C06C003B0B3C /* Assets.xcassets */; };
		F014415322B6C06C003B0B3C /* Preview Assets.xcassets in Resources */ = {isa = PBXBuildFile; fileRef = F014415222B6C06C003B0B3C /* Preview Assets.xcassets */; };
		F014415622B6C06C003B0B3C /* LaunchScreen.storyboard in Resources */ = {isa = PBXBuildFile; fileRef = F014415422B6C06C003B0B3C /* LaunchScreen.storyboard */; };
		F014415E22B6C09C003B0B3C /* Model.swift in Sources */ = {isa = PBXBuildFile; fileRef = F014415D22B6C09C003B0B3C /* Model.swift */; };
		F014416022B6C0A9003B0B3C /* ProgressRingView.swift in Sources */ = {isa = PBXBuildFile; fileRef = F014415F22B6C0A9003B0B3C /* ProgressRingView.swift */; };
/* End PBXBuildFile section */

/* Begin PBXFileReference section */
		F014414622B6C06B003B0B3C /* ProgressRing.app */ = {isa = PBXFileReference; explicitFileType = wrapper.application; includeInIndex = 0; path = ProgressRing.app; sourceTree = BUILT_PRODUCTS_DIR; };
		F014414922B6C06B003B0B3C /* AppDelegate.swift */ = {isa = PBXFileReference; lastKnownFileType = sourcecode.swift; path = AppDelegate.swift; sourceTree = "<group>"; };
		F014414B22B6C06B003B0B3C /* SceneDelegate.swift */ = {isa = PBXFileReference; lastKnownFileType = sourcecode.swift; path = SceneDelegate.swift; sourceTree = "<group>"; };
		F014414D22B6C06B003B0B3C /* ContentView.swift */ = {isa = PBXFileReference; lastKnownFileType = sourcecode.swift; path = ContentView.swift; sourceTree = "<group>"; };
		F014414F22B6C06C003B0B3C /* Assets.xcassets */ = {isa = PBXFileReference; lastKnownFileType = folder.assetcatalog; path = Assets.xcassets; sourceTree = "<group>"; };
		F014415222B6C06C003B0B3C /* Preview Assets.xcassets */ = {isa = PBXFileReference; lastKnownFileType = folder.assetcatalog; path = "Preview Assets.xcassets"; sourceTree = "<group>"; };
		F014415522B6C06C003B0B3C /* Base */ = {isa = PBXFileReference; lastKnownFileType = file.storyboard; name = Base; path = Base.lproj/LaunchScreen.storyboard; sourceTree = "<group>"; };
		F014415722B6C06C003B0B3C /* Info.plist */ = {isa = PBXFileReference; lastKnownFileType = text.plist.xml; path = Info.plist; sourceTree = "<group>"; };
		F014415D22B6C09C003B0B3C /* Model.swift */ = {isa = PBXFileReference; lastKnownFileType = sourcecode.swift; path = Model.swift; sourceTree = "<group>"; };
		F014415F22B6C0A9003B0B3C /* ProgressRingView.swift */ = {isa = PBXFileReference; lastKnownFileType = sourcecode.swift; path = ProgressRingView.swift; sourceTree = "<group>"; };
/* End PBXFileReference section */

/* Begin PBXFrameworksBuildPhase section */
		F014414322B6C06B003B0B3C /* Frameworks */ = {
			isa = PBXFrameworksBuildPhase;
			buildActionMask = 2147483647;
			files = (
			);
			runOnlyForDeploymentPostprocessing = 0;
		};
/* End PBXFrameworksBuildPhase section */

/* Begin PBXGroup section */
		F014413D22B6C06B003B0B3C = {
			isa = PBXGroup;
			children = (
				F014414822B6C06B003B0B3C /* ProgressRing */,
				F014414722B6C06B003B0B3C /* Products */,
			);
			sourceTree = "<group>";
		};
		F014414722B6C06B003B0B3C /* Products */ = {
			isa = PBXGroup;
			children = (
				F014414622B6C06B003B0B3C /* ProgressRing.app */,
			);
			name = Products;
			sourceTree = "<group>";
		};
		F014414822B6C06B003B0B3C /* ProgressRing */ = {
			isa = PBXGroup;
			children = (
				F014415D22B6C09C003B0B3C /* Model.swift */,
				F014415F22B6C0A9003B0B3C /* ProgressRingView.swift */,
				F014414922B6C06B003B0B3C /* AppDelegate.swift */,
				F014414B22B6C06B003B0B3C /* SceneDelegate.swift */,
				F014414D22B6C06B003B0B3C /* ContentView.swift */,
				F014414F22B6C06C003B0B3C /* Assets.xcassets */,
				F014415422B6C06C003B0B3C /* LaunchScreen.storyboard */,
				F014415722B6C06C003B0B3C /* Info.plist */,
				F014415122B6C06C003B0B3C /* Preview Content */,
			);
			path = ProgressRing;
			sourceTree = "<group>";
		};
		F014415122B6C06C003B0B3C /* Preview Content */ = {
			isa = PBXGroup;
			children = (
				F014415222B6C06C003B0B3C /* Preview Assets.xcassets */,
			);
			path = "Preview Content";
			sourceTree = "<group>";
		};
/* End PBXGroup section */

/* Begin PBXNativeTarget section */
		F014414522B6C06B003B0B3C /* ProgressRing */ = {
			isa = PBXNativeTarget;
			buildConfigurationList = F014415A22B6C06C003B0B3C /* Build configuration list for PBXNativeTarget "ProgressRing" */;
			buildPhases = (
				F014414222B6C06B003B0B3C /* Sources */,
				F014414322B6C06B003B0B3C /* Frameworks */,
				F014414422B6C06B003B0B3C /* Resources */,
			);
			buildRules = (
			);
			dependencies = (
			);
			name = ProgressRing;
			productName = ProgressRing;
			productReference = F014414622B6C06B003B0B3C /* ProgressRing.app */;
			productType = "com.apple.product-type.application";
		};
/* End PBXNativeTarget section */

/* Begin PBXProject section */
		F014413E22B6C06B003B0B3C /* Project object */ = {
			isa = PBXProject;
			attributes = {
				LastSwiftUpdateCheck = 1100;
				LastUpgradeCheck = 1100;
				ORGANIZATIONNAME = "Hugo Lundin";
				TargetAttributes = {
					F014414522B6C06B003B0B3C = {
						CreatedOnToolsVersion = 11.0;
					};
				};
			};
			buildConfigurationList = F014414122B6C06B003B0B3C /* Build configuration list for PBXProject "ProgressRing" */;
			compatibilityVersion = "Xcode 9.3";
			developmentRegion = en;
			hasScannedForEncodings = 0;
			knownRegions = (
				en,
				Base,
			);
			mainGroup = F014413D22B6C06B003B0B3C;
			productRefGroup = F014414722B6C06B003B0B3C /* Products */;
			projectDirPath = "";
			projectRoot = "";
			targets = (
				F014414522B6C06B003B0B3C /* ProgressRing */,
			);
		};
/* End PBXProject section */

/* Begin PBXResourcesBuildPhase section */
		F014414422B6C06B003B0B3C /* Resources */ = {
			isa = PBXResourcesBuildPhase;
			buildActionMask = 2147483647;
			files = (
				F014415622B6C06C003B0B3C /* LaunchScreen.storyboard in Resources */,
				F014415322B6C06C003B0B3C /* Preview Assets.xcassets in Resources */,
				F014415022B6C06C003B0B3C /* Assets.xcassets in Resources */,
			);
			runOnlyForDeploymentPostprocessing = 0;
		};
/* End PBXResourcesBuildPhase section */

/* Begin PBXSourcesBuildPhase section */
		F014414222B6C06B003B0B3C /* Sources */ = {
			isa = PBXSourcesBuildPhase;
			buildActionMask = 2147483647;
			files = (
				F014416022B6C0A9003B0B3C /* ProgressRingView.swift in Sources */,
				F014414A22B6C06B003B0B3C /* AppDelegate.swift in Sources */,
				F014414C22B6C06B003B0B3C /* SceneDelegate.swift in Sources */,
				F014414E22B6C06B003B0B3C /* ContentView.swift in Sources */,
				F014415E22B6C09C003B0B3C /* Model.swift in Sources */,
			);
			runOnlyForDeploymentPostprocessing = 0;
		};
/* End PBXSourcesBuildPhase section */

/* Begin PBXVariantGroup section */
		F014415422B6C06C003B0B3C /* LaunchScreen.storyboard */ = {
			isa = PBXVariantGroup;
			children = (
				F014415522B6C06C003B0B3C /* Base */,
			);
			name = LaunchScreen.storyboard;
			sourceTree = "<group>";
		};
/* End PBXVariantGroup section */

/* Begin XCBuildConfiguration section */
		F014415822B6C06C003B0B3C /* Debug */ = {
			isa = XCBuildConfiguration;
			buildSettings = {
				ALWAYS_SEARCH_USER_PATHS = NO;
				CLANG_ANALYZER_NONNULL = YES;
				CLANG_ANALYZER_NUMBER_OBJECT_CONVERSION = YES_AGGRESSIVE;
				CLANG_CXX_LANGUAGE_STANDARD = "gnu++14";
				CLANG_CXX_LIBRARY = "libc++";
				CLANG_ENABLE_MODULES = YES;
				CLANG_ENABLE_OBJC_ARC = YES;
				CLANG_ENABLE_OBJC_WEAK = YES;
				CLANG_WARN_BLOCK_CAPTURE_AUTORELEASING = YES;
				CLANG_WARN_BOOL_CONVERSION = YES;
				CLANG_WARN_COMMA = YES;
				CLANG_WARN_CONSTANT_CONVERSION = YES;
				CLANG_WARN_DEPRECATED_OBJC_IMPLEMENTATIONS = YES;
				CLANG_WARN_DIRECT_OBJC_ISA_USAGE = YES_ERROR;
				CLANG_WARN_DOCUMENTATION_COMMENTS = YES;
				CLANG_WARN_EMPTY_BODY = YES;
				CLANG_WARN_ENUM_CONVERSION = YES;
				CLANG_WARN_INFINITE_RECURSION = YES;
				CLANG_WARN_INT_CONVERSION = YES;
				CLANG_WARN_NON_LITERAL_NULL_CONVERSION = YES;
				CLANG_WARN_OBJC_IMPLICIT_RETAIN_SELF = YES;
				CLANG_WARN_OBJC_LITERAL_CONVERSION = YES;
				CLANG_WARN_OBJC_ROOT_CLASS = YES_ERROR;
				CLANG_WARN_RANGE_LOOP_ANALYSIS = YES;
				CLANG_WARN_STRICT_PROTOTYPES = YES;
				CLANG_WARN_SUSPICIOUS_MOVE = YES;
				CLANG_WARN_UNGUARDED_AVAILABILITY = YES_AGGRESSIVE;
				CLANG_WARN_UNREACHABLE_CODE = YES;
				CLANG_WARN__DUPLICATE_METHOD_MATCH = YES;
				COPY_PHASE_STRIP = NO;
				DEBUG_INFORMATION_FORMAT = dwarf;
				ENABLE_STRICT_OBJC_MSGSEND = YES;
				ENABLE_TESTABILITY = YES;
				GCC_C_LANGUAGE_STANDARD = gnu11;
				GCC_DYNAMIC_NO_PIC = NO;
				GCC_NO_COMMON_BLOCKS = YES;
				GCC_OPTIMIZATION_LEVEL = 0;
				GCC_PREPROCESSOR_DEFINITIONS = (
					"DEBUG=1",
					"$(inherited)",
				);
				GCC_WARN_64_TO_32_BIT_CONVERSION = YES;
				GCC_WARN_ABOUT_RETURN_TYPE = YES_ERROR;
				GCC_WARN_UNDECLARED_SELECTOR = YES;
				GCC_WARN_UNINITIALIZED_AUTOS = YES_AGGRESSIVE;
				GCC_WARN_UNUSED_FUNCTION = YES;
				GCC_WARN_UNUSED_VARIABLE = YES;
				IPHONEOS_DEPLOYMENT_TARGET = 13.0;
				MTL_ENABLE_DEBUG_INFO = INCLUDE_SOURCE;
				MTL_FAST_MATH = YES;
				ONLY_ACTIVE_ARCH = YES;
				SDKROOT = iphoneos;
				SWIFT_ACTIVE_COMPILATION_CONDITIONS = DEBUG;
				SWIFT_OPTIMIZATION_LEVEL = "-Onone";
			};
			name = Debug;
		};
		F014415922B6C06C003B0B3C /* Release */ = {
			isa = XCBuildConfiguration;
			buildSettings = {
				ALWAYS_SEARCH_USER_PATHS = NO;
				CLANG_ANALYZER_NONNULL = YES;
				CLANG_ANALYZER_NUMBER_OBJECT_CONVERSION = YES_AGGRESSIVE;
				CLANG_CXX_LANGUAGE_STANDARD = "gnu++14";
				CLANG_CXX_LIBRARY = "libc++";
				CLANG_ENABLE_MODULES = YES;
				CLANG_ENABLE_OBJC_ARC = YES;
				CLANG_ENABLE_OBJC_WEAK = YES;
				CLANG_WARN_BLOCK_CAPTURE_AUTORELEASING = YES;
				CLANG_WARN_BOOL_CONVERSION = YES;
				CLANG_WARN_COMMA = YES;
				CLANG_WARN_CONSTANT_CONVERSION = YES;
				CLANG_WARN_DEPRECATED_OBJC_IMPLEMENTATIONS = YES;
				CLANG_WARN_DIRECT_OBJC_ISA_USAGE = YES_ERROR;
				CLANG_WARN_DOCUMENTATION_COMMENTS = YES;
				CLANG_WARN_EMPTY_BODY = YES;
				CLANG_WARN_ENUM_CONVERSION = YES;
				CLANG_WARN_INFINITE_RECURSION = YES;
				CLANG_WARN_INT_CONVERSION = YES;
				CLANG_WARN_NON_LITERAL_NULL_CONVERSION = YES;
				CLANG_WARN_OBJC_IMPLICIT_RETAIN_SELF = YES;
				CLANG_WARN_OBJC_LITERAL_CONVERSION = YES;
				CLANG_WARN_OBJC_ROOT_CLASS = YES_ERROR;
				CLANG_WARN_RANGE_LOOP_ANALYSIS = YES;
				CLANG_WARN_STRICT_PROTOTYPES = YES;
				CLANG_WARN_SUSPICIOUS_MOVE = YES;
				CLANG_WARN_UNGUARDED_AVAILABILITY = YES_AGGRESSIVE;
				CLANG_WARN_UNREACHABLE_CODE = YES;
				CLANG_WARN__DUPLICATE_METHOD_MATCH = YES;
				COPY_PHASE_STRIP = NO;
				DEBUG_INFORMATION_FORMAT = "dwarf-with-dsym";
				ENABLE_NS_ASSERTIONS = NO;
				ENABLE_STRICT_OBJC_MSGSEND = YES;
				GCC_C_LANGUAGE_STANDARD = gnu11;
				GCC_NO_COMMON_BLOCKS = YES;
				GCC_WARN_64_TO_32_BIT_CONVERSION = YES;
				GCC_WARN_ABOUT_RETURN_TYPE = YES_ERROR;
				GCC_WARN_UNDECLARED_SELECTOR = YES;
				GCC_WARN_UNINITIALIZED_AUTOS = YES_AGGRESSIVE;
				GCC_WARN_UNUSED_FUNCTION = YES;
				GCC_WARN_UNUSED_VARIABLE = YES;
				IPHONEOS_DEPLOYMENT_TARGET = 13.0;
				MTL_ENABLE_DEBUG_INFO = NO;
				MTL_FAST_MATH = YES;
				SDKROOT = iphoneos;
				SWIFT_COMPILATION_MODE = wholemodule;
				SWIFT_OPTIMIZATION_LEVEL = "-O";
				VALIDATE_PRODUCT = YES;
			};
			name = Release;
		};
		F014415B22B6C06C003B0B3C /* Debug */ = {
			isa = XCBuildConfiguration;
			buildSettings = {
				ASSETCATALOG_COMPILER_APPICON_NAME = AppIcon;
				CODE_SIGN_STYLE = Automatic;
				DEVELOPMENT_ASSET_PATHS = "ProgressRing/Preview\\ Content";
				DEVELOPMENT_TEAM = "";
				ENABLE_PREVIEWS = YES;
				INFOPLIST_FILE = ProgressRing/Info.plist;
				LD_RUNPATH_SEARCH_PATHS = (
					"$(inherited)",
					"@executable_path/Frameworks",
				);
				PRODUCT_BUNDLE_IDENTIFIER = "";
				PRODUCT_NAME = "$(TARGET_NAME)";
				SWIFT_VERSION = 5.0;
				TARGETED_DEVICE_FAMILY = "1,2";
			};
			name = Debug;
		};
		F014415C22B6C06C003B0B3C /* Release */ = {
			isa = XCBuildConfiguration;
			buildSettings = {
				ASSETCATALOG_COMPILER_APPICON_NAME = AppIcon;
				CODE_SIGN_STYLE = Automatic;
				DEVELOPMENT_ASSET_PATHS = "ProgressRing/Preview\\ Content";
				DEVELOPMENT_TEAM = "";
				ENABLE_PREVIEWS = YES;
				INFOPLIST_FILE = ProgressRing/Info.plist;
				LD_RUNPATH_SEARCH_PATHS = (
					"$(inherited)",
					"@executable_path/Frameworks",
				);
				PRODUCT_BUNDLE_IDENTIFIER = "";
				PRODUCT_NAME = "$(TARGET_NAME)";
				SWIFT_VERSION = 5.0;
				TARGETED_DEVICE_FAMILY = "1,2";
			};
			name = Release;
		};
/* End XCBuildConfiguration section */

/* Begin XCConfigurationList section */
		F014414122B6C06B003B0B3C /* Build configuration list for PBXProject "ProgressRing" */ = {
			isa = XCConfigurationList;
			buildConfigurations = (
				F014415822B6C06C003B0B3C /* Debug */,
				F014415922B6C06C003B0B3C /* Release */,
			);
			defaultConfigurationIsVisible = 0;
			defaultConfigurationName = Release;
		};
		F014415A22B6C06C003B0B3C /* Build configuration list for PBXNativeTarget "ProgressRing" */ = {
			isa = XCConfigurationList;
			buildConfigurations = (
				F014415B22B6C06C003B0B3C /* Debug */,
				F014415C22B6C06C003B0B3C /* Release */,
			);
			defaultConfigurationIsVisible = 0;
			defaultConfigurationName = Release;
		};
/* End XCConfigurationList section */
	};
	rootObject = F014413E22B6C06B003B0B3C /* Project object */;
}
